# THIS IS AN AUTOGENERATED FILE. DO NOT EDIT THIS FILE DIRECTLY.
# yarn lockfile v1


"@ant-design/colors@^8.0.0":
  version "8.0.0"
  resolved "https://registry.yarnpkg.com/@ant-design/colors/-/colors-8.0.0.tgz#92b5aa1cd44896b62c7b67133b4d5a6a00266162"
  integrity sha512-6YzkKCw30EI/E9kHOIXsQDHmMvTllT8STzjMb4K2qzit33RW2pqCJP0sk+hidBntXxE+Vz4n1+RvCTfBw6OErw==
  dependencies:
    "@ant-design/fast-color" "^3.0.0"

"@ant-design/fast-color@^3.0.0":
  version "3.0.0"
  resolved "https://registry.yarnpkg.com/@ant-design/fast-color/-/fast-color-3.0.0.tgz#fb5178203de825f284809538f5142203d0ef3d80"
  integrity sha512-eqvpP7xEDm2S7dUzl5srEQCBTXZMmY3ekf97zI+M2DHOYyKdJGH0qua0JACHTqbkRnD/KHFQP9J1uMJ/XWVzzA==

"@ant-design/icons-svg@^4.4.0":
  version "4.4.2"
  resolved "https://registry.yarnpkg.com/@ant-design/icons-svg/-/icons-svg-4.4.2.tgz#ed2be7fb4d82ac7e1d45a54a5b06d6cecf8be6f6"
  integrity sha512-vHbT+zJEVzllwP+CM+ul7reTEfBR0vgxFe7+lREAsAA7YGsYpboiq2sQNeQeRvh09GfQgs/GyFEvZpJ9cLXpXA==

"@ant-design/icons@^6.0.0":
  version "6.0.0"
  resolved "https://registry.yarnpkg.com/@ant-design/icons/-/icons-6.0.0.tgz#302c935b8b0b429e4444cbc45809247276186d94"
  integrity sha512-o0aCCAlHc1o4CQcapAwWzHeaW2x9F49g7P3IDtvtNXgHowtRWYb7kiubt8sQPFvfVIVU/jLw2hzeSlNt0FU+Uw==
  dependencies:
    "@ant-design/colors" "^8.0.0"
    "@ant-design/icons-svg" "^4.4.0"
    "@rc-component/util" "^1.2.1"
    classnames "^2.2.6"

"@rc-component/util@^1.2.1":
  version "1.2.1"
  resolved "https://registry.yarnpkg.com/@rc-component/util/-/util-1.2.1.tgz#2c3158f11a4193478cec44ca42915da31f67d8a0"
  integrity sha512-AUVu6jO+lWjQnUOOECwu8iR0EdElQgWW5NBv5vP/Uf9dWbAX3udhMutRlkVXjuac2E40ghkFy+ve00mc/3Fymg==
  dependencies:
    react-is "^18.2.0"

classnames@^2.2.6:
  version "2.5.1"
  resolved "https://registry.yarnpkg.com/classnames/-/classnames-2.5.1.tgz#ba774c614be0f016da105c858e7159eae8e7687b"
  integrity sha512-saHYOzhIQs6wy2sVxTM6bUDsQO4F50V9RQ22qBpEdCW+I+/Wmke2HOl6lS6dTpdxVhb88/I6+Hs+438c3lfUow==

react-is@^18.2.0:
  version "18.3.1"
  resolved "https://registry.yarnpkg.com/react-is/-/react-is-18.3.1.tgz#e83557dc12eae63a99e003a46388b1dcbb44db7e"
  integrity sha512-/LLMVyas0ljjAtoYiPqYiL8VWXzUUdThrmU5+n20DZv+a+ClRoevUzw5JxU+Ieh5/c87ytoTBV9G1FiKfNJdmg==
